// !$*UTF8*$!
{
	archiveVersion = 1;
	classes = {
	};
	objectVersion = 55;
	objects = {

/* Begin PBXBuildFile section */
		B0E019921038C22AD4854A96 /* Pods_CarsTests.framework in Frameworks */ = {isa = PBXBuildFile; fileRef = E9E5C3F358C2B383A3D94681 /* Pods_CarsTests.framework */; };
		BCBD964394B9CA5F0B24761C /* Pods_CarsUITests.framework in Frameworks */ = {isa = PBXBuildFile; fileRef = 412C0D1CF675685A6960C282 /* Pods_CarsUITests.framework */; };
		CAC46FCFE4C90391E20878D7 /* Pods_Cars.framework in Frameworks */ = {isa = PBXBuildFile; fileRef = 5984EBB73162CCC5CEAF6112 /* Pods_Cars.framework */; };
		EB039AC727F618B60039EF76 /* Endpoint.swift in Sources */ = {isa = PBXBuildFile; fileRef = EB039AC627F618B60039EF76 /* Endpoint.swift */; };
		EB039AC927F618DF0039EF76 /* RequestMethod.swift in Sources */ = {isa = PBXBuildFile; fileRef = EB039AC827F618DF0039EF76 /* RequestMethod.swift */; };
		EB039ACB27F618F50039EF76 /* RequestError.swift in Sources */ = {isa = PBXBuildFile; fileRef = EB039ACA27F618F50039EF76 /* RequestError.swift */; };
		EB039ACE27F619B70039EF76 /* Article.swift in Sources */ = {isa = PBXBuildFile; fileRef = EB039ACD27F619B70039EF76 /* Article.swift */; };
		EB039AD027F61F1A0039EF76 /* HTTPClient.swift in Sources */ = {isa = PBXBuildFile; fileRef = EB039ACF27F61F1A0039EF76 /* HTTPClient.swift */; };
		EB039AD227F627C60039EF76 /* ArticlesEndpoint.swift in Sources */ = {isa = PBXBuildFile; fileRef = EB039AD127F627C60039EF76 /* ArticlesEndpoint.swift */; };
		EB039AD427F6297A0039EF76 /* ArticlesService.swift in Sources */ = {isa = PBXBuildFile; fileRef = EB039AD327F6297A0039EF76 /* ArticlesService.swift */; };
		EB039AD727F637920039EF76 /* Response.swift in Sources */ = {isa = PBXBuildFile; fileRef = EB039AD627F637920039EF76 /* Response.swift */; };
		EB039ADA27F6E3480039EF76 /* FeedViewController.swift in Sources */ = {isa = PBXBuildFile; fileRef = EB039AD827F6E3480039EF76 /* FeedViewController.swift */; };
		EB178A1727F5A27B005C5536 /* AppDelegate.swift in Sources */ = {isa = PBXBuildFile; fileRef = EB178A1627F5A27B005C5536 /* AppDelegate.swift */; };
		EB178A2027F5A27E005C5536 /* Assets.xcassets in Resources */ = {isa = PBXBuildFile; fileRef = EB178A1F27F5A27E005C5536 /* Assets.xcassets */; };
		EB178A2327F5A27E005C5536 /* LaunchScreen.storyboard in Resources */ = {isa = PBXBuildFile; fileRef = EB178A2127F5A27E005C5536 /* LaunchScreen.storyboard */; };
		EB178A2E27F5A27E005C5536 /* CarsTests.swift in Sources */ = {isa = PBXBuildFile; fileRef = EB178A2D27F5A27E005C5536 /* CarsTests.swift */; };
		EB178A3827F5A27E005C5536 /* CarsUITests.swift in Sources */ = {isa = PBXBuildFile; fileRef = EB178A3727F5A27E005C5536 /* CarsUITests.swift */; };
		EB178A3A27F5A27E005C5536 /* CarsUITestsLaunchTests.swift in Sources */ = {isa = PBXBuildFile; fileRef = EB178A3927F5A27E005C5536 /* CarsUITestsLaunchTests.swift */; };
		EB7D2F8927F8C9DE00908500 /* NavigationBar+Appearance.swift in Sources */ = {isa = PBXBuildFile; fileRef = EB7D2F8827F8C9DE00908500 /* NavigationBar+Appearance.swift */; };
		EB7D2F8B27F8D38E00908500 /* FeedViewModel.swift in Sources */ = {isa = PBXBuildFile; fileRef = EB7D2F8A27F8D38E00908500 /* FeedViewModel.swift */; };
		EB7D2F9127F9078700908500 /* FeedAssembly.swift in Sources */ = {isa = PBXBuildFile; fileRef = EB7D2F9027F9078700908500 /* FeedAssembly.swift */; };
		EB7D2F9327F9080000908500 /* Assembly.swift in Sources */ = {isa = PBXBuildFile; fileRef = EB7D2F9227F9080000908500 /* Assembly.swift */; };
		EB80F9F827F7C7A5003177E2 /* Post.swift in Sources */ = {isa = PBXBuildFile; fileRef = EB80F9F727F7C7A5003177E2 /* Post.swift */; };
		EB80F9FA27F7D8B2003177E2 /* FeedDateFormatter.swift in Sources */ = {isa = PBXBuildFile; fileRef = EB80F9F927F7D8B2003177E2 /* FeedDateFormatter.swift */; };
		EBCA936927F751430013260B /* PostCell.swift in Sources */ = {isa = PBXBuildFile; fileRef = EBCA936727F751420013260B /* PostCell.swift */; };
		EBCA936A27F751430013260B /* PostCell.xib in Resources */ = {isa = PBXBuildFile; fileRef = EBCA936827F751420013260B /* PostCell.xib */; };
		EBCA937027F765970013260B /* Label+LineHeight.swift in Sources */ = {isa = PBXBuildFile; fileRef = EBCA936F27F765970013260B /* Label+LineHeight.swift */; };
		EBCA937227F78CEC0013260B /* LinearGradientView.swift in Sources */ = {isa = PBXBuildFile; fileRef = EBCA937127F78CEC0013260B /* LinearGradientView.swift */; };
/* End PBXBuildFile section */

/* Begin PBXContainerItemProxy section */
		EB178A2A27F5A27E005C5536 /* PBXContainerItemProxy */ = {
			isa = PBXContainerItemProxy;
			containerPortal = EB178A0B27F5A27B005C5536 /* Project object */;
			proxyType = 1;
			remoteGlobalIDString = EB178A1227F5A27B005C5536;
			remoteInfo = Cars;
		};
		EB178A3427F5A27E005C5536 /* PBXContainerItemProxy */ = {
			isa = PBXContainerItemProxy;
			containerPortal = EB178A0B27F5A27B005C5536 /* Project object */;
			proxyType = 1;
			remoteGlobalIDString = EB178A1227F5A27B005C5536;
			remoteInfo = Cars;
		};
/* End PBXContainerItemProxy section */

/* Begin PBXFileReference section */
		2849D0970B4A7CA8A18C182A /* Pods-CarsTests.debug.xcconfig */ = {isa = PBXFileReference; includeInIndex = 1; lastKnownFileType = text.xcconfig; name = "Pods-CarsTests.debug.xcconfig"; path = "Target Support Files/Pods-CarsTests/Pods-CarsTests.debug.xcconfig"; sourceTree = "<group>"; };
		412C0D1CF675685A6960C282 /* Pods_CarsUITests.framework */ = {isa = PBXFileReference; explicitFileType = wrapper.framework; includeInIndex = 0; path = Pods_CarsUITests.framework; sourceTree = BUILT_PRODUCTS_DIR; };
		42398B3A7A2C4E4C6337C29A /* Pods-CarsUITests.debug.xcconfig */ = {isa = PBXFileReference; includeInIndex = 1; lastKnownFileType = text.xcconfig; name = "Pods-CarsUITests.debug.xcconfig"; path = "Target Support Files/Pods-CarsUITests/Pods-CarsUITests.debug.xcconfig"; sourceTree = "<group>"; };
		456AE529A9C0F793CE546EB0 /* Pods-CarsTests.release.xcconfig */ = {isa = PBXFileReference; includeInIndex = 1; lastKnownFileType = text.xcconfig; name = "Pods-CarsTests.release.xcconfig"; path = "Target Support Files/Pods-CarsTests/Pods-CarsTests.release.xcconfig"; sourceTree = "<group>"; };
		52A58F5E5D82CA8315300FE7 /* Pods-CarsUITests.release.xcconfig */ = {isa = PBXFileReference; includeInIndex = 1; lastKnownFileType = text.xcconfig; name = "Pods-CarsUITests.release.xcconfig"; path = "Target Support Files/Pods-CarsUITests/Pods-CarsUITests.release.xcconfig"; sourceTree = "<group>"; };
		5984EBB73162CCC5CEAF6112 /* Pods_Cars.framework */ = {isa = PBXFileReference; explicitFileType = wrapper.framework; includeInIndex = 0; path = Pods_Cars.framework; sourceTree = BUILT_PRODUCTS_DIR; };
		8DD7B3C9E176F83055A1EBD9 /* Pods-Cars.release.xcconfig */ = {isa = PBXFileReference; includeInIndex = 1; lastKnownFileType = text.xcconfig; name = "Pods-Cars.release.xcconfig"; path = "Target Support Files/Pods-Cars/Pods-Cars.release.xcconfig"; sourceTree = "<group>"; };
		B17A018BA7B0D4C75EDC6868 /* Pods-Cars.debug.xcconfig */ = {isa = PBXFileReference; includeInIndex = 1; lastKnownFileType = text.xcconfig; name = "Pods-Cars.debug.xcconfig"; path = "Target Support Files/Pods-Cars/Pods-Cars.debug.xcconfig"; sourceTree = "<group>"; };
		E9E5C3F358C2B383A3D94681 /* Pods_CarsTests.framework */ = {isa = PBXFileReference; explicitFileType = wrapper.framework; includeInIndex = 0; path = Pods_CarsTests.framework; sourceTree = BUILT_PRODUCTS_DIR; };
		EB039AC627F618B60039EF76 /* Endpoint.swift */ = {isa = PBXFileReference; lastKnownFileType = sourcecode.swift; path = Endpoint.swift; sourceTree = "<group>"; };
		EB039AC827F618DF0039EF76 /* RequestMethod.swift */ = {isa = PBXFileReference; lastKnownFileType = sourcecode.swift; path = RequestMethod.swift; sourceTree = "<group>"; };
		EB039ACA27F618F50039EF76 /* RequestError.swift */ = {isa = PBXFileReference; lastKnownFileType = sourcecode.swift; path = RequestError.swift; sourceTree = "<group>"; };
		EB039ACD27F619B70039EF76 /* Article.swift */ = {isa = PBXFileReference; lastKnownFileType = sourcecode.swift; path = Article.swift; sourceTree = "<group>"; };
		EB039ACF27F61F1A0039EF76 /* HTTPClient.swift */ = {isa = PBXFileReference; lastKnownFileType = sourcecode.swift; path = HTTPClient.swift; sourceTree = "<group>"; };
		EB039AD127F627C60039EF76 /* ArticlesEndpoint.swift */ = {isa = PBXFileReference; lastKnownFileType = sourcecode.swift; path = ArticlesEndpoint.swift; sourceTree = "<group>"; };
		EB039AD327F6297A0039EF76 /* ArticlesService.swift */ = {isa = PBXFileReference; lastKnownFileType = sourcecode.swift; path = ArticlesService.swift; sourceTree = "<group>"; };
		EB039AD627F637920039EF76 /* Response.swift */ = {isa = PBXFileReference; lastKnownFileType = sourcecode.swift; path = Response.swift; sourceTree = "<group>"; };
		EB039AD827F6E3480039EF76 /* FeedViewController.swift */ = {isa = PBXFileReference; lastKnownFileType = sourcecode.swift; path = FeedViewController.swift; sourceTree = "<group>"; };
		EB178A1327F5A27B005C5536 /* Cars.app */ = {isa = PBXFileReference; explicitFileType = wrapper.application; includeInIndex = 0; path = Cars.app; sourceTree = BUILT_PRODUCTS_DIR; };
		EB178A1627F5A27B005C5536 /* AppDelegate.swift */ = {isa = PBXFileReference; lastKnownFileType = sourcecode.swift; path = AppDelegate.swift; sourceTree = "<group>"; };
		EB178A1F27F5A27E005C5536 /* Assets.xcassets */ = {isa = PBXFileReference; lastKnownFileType = folder.assetcatalog; path = Assets.xcassets; sourceTree = "<group>"; };
		EB178A2227F5A27E005C5536 /* Base */ = {isa = PBXFileReference; lastKnownFileType = file.storyboard; name = Base; path = Base.lproj/LaunchScreen.storyboard; sourceTree = "<group>"; };
		EB178A2427F5A27E005C5536 /* Info.plist */ = {isa = PBXFileReference; lastKnownFileType = text.plist.xml; path = Info.plist; sourceTree = "<group>"; };
		EB178A2927F5A27E005C5536 /* CarsTests.xctest */ = {isa = PBXFileReference; explicitFileType = wrapper.cfbundle; includeInIndex = 0; path = CarsTests.xctest; sourceTree = BUILT_PRODUCTS_DIR; };
		EB178A2D27F5A27E005C5536 /* CarsTests.swift */ = {isa = PBXFileReference; lastKnownFileType = sourcecode.swift; path = CarsTests.swift; sourceTree = "<group>"; };
		EB178A3327F5A27E005C5536 /* CarsUITests.xctest */ = {isa = PBXFileReference; explicitFileType = wrapper.cfbundle; includeInIndex = 0; path = CarsUITests.xctest; sourceTree = BUILT_PRODUCTS_DIR; };
		EB178A3727F5A27E005C5536 /* CarsUITests.swift */ = {isa = PBXFileReference; lastKnownFileType = sourcecode.swift; path = CarsUITests.swift; sourceTree = "<group>"; };
		EB178A3927F5A27E005C5536 /* CarsUITestsLaunchTests.swift */ = {isa = PBXFileReference; lastKnownFileType = sourcecode.swift; path = CarsUITestsLaunchTests.swift; sourceTree = "<group>"; };
		EB7D2F8827F8C9DE00908500 /* NavigationBar+Appearance.swift */ = {isa = PBXFileReference; lastKnownFileType = sourcecode.swift; path = "NavigationBar+Appearance.swift"; sourceTree = "<group>"; };
		EB7D2F8A27F8D38E00908500 /* FeedViewModel.swift */ = {isa = PBXFileReference; lastKnownFileType = sourcecode.swift; path = FeedViewModel.swift; sourceTree = "<group>"; };
		EB7D2F9027F9078700908500 /* FeedAssembly.swift */ = {isa = PBXFileReference; lastKnownFileType = sourcecode.swift; path = FeedAssembly.swift; sourceTree = "<group>"; };
		EB7D2F9227F9080000908500 /* Assembly.swift */ = {isa = PBXFileReference; lastKnownFileType = sourcecode.swift; path = Assembly.swift; sourceTree = "<group>"; };
		EB80F9F727F7C7A5003177E2 /* Post.swift */ = {isa = PBXFileReference; lastKnownFileType = sourcecode.swift; path = Post.swift; sourceTree = "<group>"; };
		EB80F9F927F7D8B2003177E2 /* FeedDateFormatter.swift */ = {isa = PBXFileReference; lastKnownFileType = sourcecode.swift; name = FeedDateFormatter.swift; path = Cars/Presentation/Modules/Feed/FeedDateFormatter.swift; sourceTree = SOURCE_ROOT; };
		EBCA936727F751420013260B /* PostCell.swift */ = {isa = PBXFileReference; lastKnownFileType = sourcecode.swift; path = PostCell.swift; sourceTree = "<group>"; };
		EBCA936827F751420013260B /* PostCell.xib */ = {isa = PBXFileReference; lastKnownFileType = file.xib; path = PostCell.xib; sourceTree = "<group>"; };
		EBCA936F27F765970013260B /* Label+LineHeight.swift */ = {isa = PBXFileReference; lastKnownFileType = sourcecode.swift; path = "Label+LineHeight.swift"; sourceTree = "<group>"; };
		EBCA937127F78CEC0013260B /* LinearGradientView.swift */ = {isa = PBXFileReference; lastKnownFileType = sourcecode.swift; path = LinearGradientView.swift; sourceTree = "<group>"; };
/* End PBXFileReference section */

/* Begin PBXFrameworksBuildPhase section */
		EB178A1027F5A27B005C5536 /* Frameworks */ = {
			isa = PBXFrameworksBuildPhase;
			buildActionMask = 2147483647;
			files = (
				CAC46FCFE4C90391E20878D7 /* Pods_Cars.framework in Frameworks */,
			);
			runOnlyForDeploymentPostprocessing = 0;
		};
		EB178A2627F5A27E005C5536 /* Frameworks */ = {
			isa = PBXFrameworksBuildPhase;
			buildActionMask = 2147483647;
			files = (
				B0E019921038C22AD4854A96 /* Pods_CarsTests.framework in Frameworks */,
			);
			runOnlyForDeploymentPostprocessing = 0;
		};
		EB178A3027F5A27E005C5536 /* Frameworks */ = {
			isa = PBXFrameworksBuildPhase;
			buildActionMask = 2147483647;
			files = (
				BCBD964394B9CA5F0B24761C /* Pods_CarsUITests.framework in Frameworks */,
			);
			runOnlyForDeploymentPostprocessing = 0;
		};
/* End PBXFrameworksBuildPhase section */

/* Begin PBXGroup section */
		16BA38986AF81724CA275668 /* Frameworks */ = {
			isa = PBXGroup;
			children = (
				5984EBB73162CCC5CEAF6112 /* Pods_Cars.framework */,
				E9E5C3F358C2B383A3D94681 /* Pods_CarsTests.framework */,
				412C0D1CF675685A6960C282 /* Pods_CarsUITests.framework */,
			);
			name = Frameworks;
			sourceTree = "<group>";
		};
		6C4C62F33F6E10FCD45C9525 /* Pods */ = {
			isa = PBXGroup;
			children = (
				B17A018BA7B0D4C75EDC6868 /* Pods-Cars.debug.xcconfig */,
				8DD7B3C9E176F83055A1EBD9 /* Pods-Cars.release.xcconfig */,
				2849D0970B4A7CA8A18C182A /* Pods-CarsTests.debug.xcconfig */,
				456AE529A9C0F793CE546EB0 /* Pods-CarsTests.release.xcconfig */,
				42398B3A7A2C4E4C6337C29A /* Pods-CarsUITests.debug.xcconfig */,
				52A58F5E5D82CA8315300FE7 /* Pods-CarsUITests.release.xcconfig */,
			);
			path = Pods;
			sourceTree = "<group>";
		};
		EB039AB827F6145B0039EF76 /* Feed */ = {
			isa = PBXGroup;
			children = (
				EB7D2F9027F9078700908500 /* FeedAssembly.swift */,
				EB80F9F927F7D8B2003177E2 /* FeedDateFormatter.swift */,
				EB039AD827F6E3480039EF76 /* FeedViewController.swift */,
				EB7D2F8A27F8D38E00908500 /* FeedViewModel.swift */,
			);
			path = Feed;
			sourceTree = "<group>";
		};
		EB039ABD27F617520039EF76 /* Core */ = {
			isa = PBXGroup;
			children = (
				EB039ABE27F617590039EF76 /* Network */,
			);
			path = Core;
			sourceTree = "<group>";
		};
		EB039ABE27F617590039EF76 /* Network */ = {
			isa = PBXGroup;
			children = (
				EB039AC327F6188D0039EF76 /* Base */,
				EB039ACC27F619A00039EF76 /* Models */,
				EB039AC427F618920039EF76 /* Endpoints */,
			);
			path = Network;
			sourceTree = "<group>";
		};
		EB039AC327F6188D0039EF76 /* Base */ = {
			isa = PBXGroup;
			children = (
				EB039AC627F618B60039EF76 /* Endpoint.swift */,
				EB039AC827F618DF0039EF76 /* RequestMethod.swift */,
				EB039ACA27F618F50039EF76 /* RequestError.swift */,
				EB039ACF27F61F1A0039EF76 /* HTTPClient.swift */,
			);
			path = Base;
			sourceTree = "<group>";
		};
		EB039AC427F618920039EF76 /* Endpoints */ = {
			isa = PBXGroup;
			children = (
				EB039AD127F627C60039EF76 /* ArticlesEndpoint.swift */,
			);
			path = Endpoints;
			sourceTree = "<group>";
		};
		EB039AC527F618970039EF76 /* Services */ = {
			isa = PBXGroup;
			children = (
				EB039AD327F6297A0039EF76 /* ArticlesService.swift */,
			);
			path = Services;
			sourceTree = "<group>";
		};
		EB039ACC27F619A00039EF76 /* Models */ = {
			isa = PBXGroup;
			children = (
				EB039ACD27F619B70039EF76 /* Article.swift */,
				EB039AD627F637920039EF76 /* Response.swift */,
			);
			path = Models;
			sourceTree = "<group>";
		};
		EB039AD527F62A380039EF76 /* Presentation */ = {
			isa = PBXGroup;
			children = (
				EBCA936D27F7516B0013260B /* Cells */,
				EBCA937327F78CF30013260B /* Common */,
				EBCA936C27F751660013260B /* Modules */,
			);
			path = Presentation;
			sourceTree = "<group>";
		};
		EB178A0A27F5A27B005C5536 = {
			isa = PBXGroup;
			children = (
				EB178A1527F5A27B005C5536 /* Cars */,
				EB178A2C27F5A27E005C5536 /* CarsTests */,
				EB178A3627F5A27E005C5536 /* CarsUITests */,
				EB178A1427F5A27B005C5536 /* Products */,
				6C4C62F33F6E10FCD45C9525 /* Pods */,
				16BA38986AF81724CA275668 /* Frameworks */,
			);
			sourceTree = "<group>";
		};
		EB178A1427F5A27B005C5536 /* Products */ = {
			isa = PBXGroup;
			children = (
				EB178A1327F5A27B005C5536 /* Cars.app */,
				EB178A2927F5A27E005C5536 /* CarsTests.xctest */,
				EB178A3327F5A27E005C5536 /* CarsUITests.xctest */,
			);
			name = Products;
			sourceTree = "<group>";
		};
		EB178A1527F5A27B005C5536 /* Cars */ = {
			isa = PBXGroup;
			children = (
				EB039ABD27F617520039EF76 /* Core */,
				EB039AC527F618970039EF76 /* Services */,
				EB039AD527F62A380039EF76 /* Presentation */,
				EB178A1627F5A27B005C5536 /* AppDelegate.swift */,
				EB178A1F27F5A27E005C5536 /* Assets.xcassets */,
				EB178A2127F5A27E005C5536 /* LaunchScreen.storyboard */,
				EB178A2427F5A27E005C5536 /* Info.plist */,
			);
			path = Cars;
			sourceTree = "<group>";
		};
		EB178A2C27F5A27E005C5536 /* CarsTests */ = {
			isa = PBXGroup;
			children = (
				EB178A2D27F5A27E005C5536 /* CarsTests.swift */,
			);
			path = CarsTests;
			sourceTree = "<group>";
		};
		EB178A3627F5A27E005C5536 /* CarsUITests */ = {
			isa = PBXGroup;
			children = (
				EB178A3727F5A27E005C5536 /* CarsUITests.swift */,
				EB178A3927F5A27E005C5536 /* CarsUITestsLaunchTests.swift */,
			);
			path = CarsUITests;
			sourceTree = "<group>";
		};
		EBCA936B27F7514B0013260B /* Post */ = {
			isa = PBXGroup;
			children = (
				EB80F9F727F7C7A5003177E2 /* Post.swift */,
				EBCA936727F751420013260B /* PostCell.swift */,
				EBCA936827F751420013260B /* PostCell.xib */,
			);
			path = Post;
			sourceTree = "<group>";
		};
		EBCA936C27F751660013260B /* Modules */ = {
			isa = PBXGroup;
			children = (
				EB039AB827F6145B0039EF76 /* Feed */,
			);
			path = Modules;
			sourceTree = "<group>";
		};
		EBCA936D27F7516B0013260B /* Cells */ = {
			isa = PBXGroup;
			children = (
				EBCA936B27F7514B0013260B /* Post */,
			);
			path = Cells;
			sourceTree = "<group>";
		};
		EBCA937327F78CF30013260B /* Common */ = {
			isa = PBXGroup;
			children = (
				EB7D2F9227F9080000908500 /* Assembly.swift */,
				EBCA936F27F765970013260B /* Label+LineHeight.swift */,
				EBCA937127F78CEC0013260B /* LinearGradientView.swift */,
				EB7D2F8827F8C9DE00908500 /* NavigationBar+Appearance.swift */,
			);
			path = Common;
			sourceTree = "<group>";
		};
/* End PBXGroup section */

/* Begin PBXNativeTarget section */
		EB178A1227F5A27B005C5536 /* Cars */ = {
			isa = PBXNativeTarget;
			buildConfigurationList = EB178A3D27F5A27E005C5536 /* Build configuration list for PBXNativeTarget "Cars" */;
			buildPhases = (
				1D1460AB94A49E39C75CFF7F /* [CP] Check Pods Manifest.lock */,
				EB178A0F27F5A27B005C5536 /* Sources */,
				EB178A1027F5A27B005C5536 /* Frameworks */,
				EB178A1127F5A27B005C5536 /* Resources */,
				3D8AE65476911A6E365A0592 /* [CP] Embed Pods Frameworks */,
			);
			buildRules = (
			);
			dependencies = (
			);
			name = Cars;
			productName = Cars;
			productReference = EB178A1327F5A27B005C5536 /* Cars.app */;
			productType = "com.apple.product-type.application";
		};
		EB178A2827F5A27E005C5536 /* CarsTests */ = {
			isa = PBXNativeTarget;
			buildConfigurationList = EB178A4027F5A27E005C5536 /* Build configuration list for PBXNativeTarget "CarsTests" */;
			buildPhases = (
				4741FF0D47AAED505698D900 /* [CP] Check Pods Manifest.lock */,
				EB178A2527F5A27E005C5536 /* Sources */,
				EB178A2627F5A27E005C5536 /* Frameworks */,
				EB178A2727F5A27E005C5536 /* Resources */,
				B719DDBCB1C40BDCF7CB100D /* [CP] Embed Pods Frameworks */,
			);
			buildRules = (
			);
			dependencies = (
				EB178A2B27F5A27E005C5536 /* PBXTargetDependency */,
			);
			name = CarsTests;
			productName = CarsTests;
			productReference = EB178A2927F5A27E005C5536 /* CarsTests.xctest */;
			productType = "com.apple.product-type.bundle.unit-test";
		};
		EB178A3227F5A27E005C5536 /* CarsUITests */ = {
			isa = PBXNativeTarget;
			buildConfigurationList = EB178A4327F5A27E005C5536 /* Build configuration list for PBXNativeTarget "CarsUITests" */;
			buildPhases = (
				5B924CC5F41E91CC629530BA /* [CP] Check Pods Manifest.lock */,
				EB178A2F27F5A27E005C5536 /* Sources */,
				EB178A3027F5A27E005C5536 /* Frameworks */,
				EB178A3127F5A27E005C5536 /* Resources */,
				32E1A308F2017A65A117E24A /* [CP] Embed Pods Frameworks */,
			);
			buildRules = (
			);
			dependencies = (
				EB178A3527F5A27E005C5536 /* PBXTargetDependency */,
			);
			name = CarsUITests;
			productName = CarsUITests;
			productReference = EB178A3327F5A27E005C5536 /* CarsUITests.xctest */;
			productType = "com.apple.product-type.bundle.ui-testing";
		};
/* End PBXNativeTarget section */

/* Begin PBXProject section */
		EB178A0B27F5A27B005C5536 /* Project object */ = {
			isa = PBXProject;
			attributes = {
				BuildIndependentTargetsInParallel = 1;
				LastSwiftUpdateCheck = 1330;
				LastUpgradeCheck = 1330;
				TargetAttributes = {
					EB178A1227F5A27B005C5536 = {
						CreatedOnToolsVersion = 13.3;
					};
					EB178A2827F5A27E005C5536 = {
						CreatedOnToolsVersion = 13.3;
						TestTargetID = EB178A1227F5A27B005C5536;
					};
					EB178A3227F5A27E005C5536 = {
						CreatedOnToolsVersion = 13.3;
						TestTargetID = EB178A1227F5A27B005C5536;
					};
				};
			};
			buildConfigurationList = EB178A0E27F5A27B005C5536 /* Build configuration list for PBXProject "Cars" */;
			compatibilityVersion = "Xcode 13.0";
			developmentRegion = en;
			hasScannedForEncodings = 0;
			knownRegions = (
				en,
				Base,
			);
			mainGroup = EB178A0A27F5A27B005C5536;
			productRefGroup = EB178A1427F5A27B005C5536 /* Products */;
			projectDirPath = "";
			projectRoot = "";
			targets = (
				EB178A1227F5A27B005C5536 /* Cars */,
				EB178A2827F5A27E005C5536 /* CarsTests */,
				EB178A3227F5A27E005C5536 /* CarsUITests */,
			);
		};
/* End PBXProject section */

/* Begin PBXResourcesBuildPhase section */
		EB178A1127F5A27B005C5536 /* Resources */ = {
			isa = PBXResourcesBuildPhase;
			buildActionMask = 2147483647;
			files = (
				EB178A2327F5A27E005C5536 /* LaunchScreen.storyboard in Resources */,
				EB178A2027F5A27E005C5536 /* Assets.xcassets in Resources */,
				EBCA936A27F751430013260B /* PostCell.xib in Resources */,
			);
			runOnlyForDeploymentPostprocessing = 0;
		};
		EB178A2727F5A27E005C5536 /* Resources */ = {
			isa = PBXResourcesBuildPhase;
			buildActionMask = 2147483647;
			files = (
			);
			runOnlyForDeploymentPostprocessing = 0;
		};
		EB178A3127F5A27E005C5536 /* Resources */ = {
			isa = PBXResourcesBuildPhase;
			buildActionMask = 2147483647;
			files = (
			);
			runOnlyForDeploymentPostprocessing = 0;
		};
/* End PBXResourcesBuildPhase section */

/* Begin PBXShellScriptBuildPhase section */
		1D1460AB94A49E39C75CFF7F /* [CP] Check Pods Manifest.lock */ = {
			isa = PBXShellScriptBuildPhase;
			buildActionMask = 2147483647;
			files = (
			);
			inputFileListPaths = (
			);
			inputPaths = (
				"${PODS_PODFILE_DIR_PATH}/Podfile.lock",
				"${PODS_ROOT}/Manifest.lock",
			);
			name = "[CP] Check Pods Manifest.lock";
			outputFileListPaths = (
			);
			outputPaths = (
				"$(DERIVED_FILE_DIR)/Pods-Cars-checkManifestLockResult.txt",
			);
			runOnlyForDeploymentPostprocessing = 0;
			shellPath = /bin/sh;
			shellScript = "diff \"${PODS_PODFILE_DIR_PATH}/Podfile.lock\" \"${PODS_ROOT}/Manifest.lock\" > /dev/null\nif [ $? != 0 ] ; then\n    # print error to STDERR\n    echo \"error: The sandbox is not in sync with the Podfile.lock. Run 'pod install' or update your CocoaPods installation.\" >&2\n    exit 1\nfi\n# This output is used by Xcode 'outputs' to avoid re-running this script phase.\necho \"SUCCESS\" > \"${SCRIPT_OUTPUT_FILE_0}\"\n";
			showEnvVarsInLog = 0;
		};
		32E1A308F2017A65A117E24A /* [CP] Embed Pods Frameworks */ = {
			isa = PBXShellScriptBuildPhase;
			buildActionMask = 2147483647;
			files = (
			);
			inputFileListPaths = (
				"${PODS_ROOT}/Target Support Files/Pods-CarsUITests/Pods-CarsUITests-frameworks-${CONFIGURATION}-input-files.xcfilelist",
			);
			name = "[CP] Embed Pods Frameworks";
			outputFileListPaths = (
				"${PODS_ROOT}/Target Support Files/Pods-CarsUITests/Pods-CarsUITests-frameworks-${CONFIGURATION}-output-files.xcfilelist",
			);
			runOnlyForDeploymentPostprocessing = 0;
			shellPath = /bin/sh;
			shellScript = "\"${PODS_ROOT}/Target Support Files/Pods-CarsUITests/Pods-CarsUITests-frameworks.sh\"\n";
			showEnvVarsInLog = 0;
		};
		3D8AE65476911A6E365A0592 /* [CP] Embed Pods Frameworks */ = {
			isa = PBXShellScriptBuildPhase;
			buildActionMask = 2147483647;
			files = (
			);
			inputFileListPaths = (
				"${PODS_ROOT}/Target Support Files/Pods-Cars/Pods-Cars-frameworks-${CONFIGURATION}-input-files.xcfilelist",
			);
			name = "[CP] Embed Pods Frameworks";
			outputFileListPaths = (
				"${PODS_ROOT}/Target Support Files/Pods-Cars/Pods-Cars-frameworks-${CONFIGURATION}-output-files.xcfilelist",
			);
			runOnlyForDeploymentPostprocessing = 0;
			shellPath = /bin/sh;
			shellScript = "\"${PODS_ROOT}/Target Support Files/Pods-Cars/Pods-Cars-frameworks.sh\"\n";
			showEnvVarsInLog = 0;
		};
		4741FF0D47AAED505698D900 /* [CP] Check Pods Manifest.lock */ = {
			isa = PBXShellScriptBuildPhase;
			buildActionMask = 2147483647;
			files = (
			);
			inputFileListPaths = (
			);
			inputPaths = (
				"${PODS_PODFILE_DIR_PATH}/Podfile.lock",
				"${PODS_ROOT}/Manifest.lock",
			);
			name = "[CP] Check Pods Manifest.lock";
			outputFileListPaths = (
			);
			outputPaths = (
				"$(DERIVED_FILE_DIR)/Pods-CarsTests-checkManifestLockResult.txt",
			);
			runOnlyForDeploymentPostprocessing = 0;
			shellPath = /bin/sh;
			shellScript = "diff \"${PODS_PODFILE_DIR_PATH}/Podfile.lock\" \"${PODS_ROOT}/Manifest.lock\" > /dev/null\nif [ $? != 0 ] ; then\n    # print error to STDERR\n    echo \"error: The sandbox is not in sync with the Podfile.lock. Run 'pod install' or update your CocoaPods installation.\" >&2\n    exit 1\nfi\n# This output is used by Xcode 'outputs' to avoid re-running this script phase.\necho \"SUCCESS\" > \"${SCRIPT_OUTPUT_FILE_0}\"\n";
			showEnvVarsInLog = 0;
		};
		5B924CC5F41E91CC629530BA /* [CP] Check Pods Manifest.lock */ = {
			isa = PBXShellScriptBuildPhase;
			buildActionMask = 2147483647;
			files = (
			);
			inputFileListPaths = (
			);
			inputPaths = (
				"${PODS_PODFILE_DIR_PATH}/Podfile.lock",
				"${PODS_ROOT}/Manifest.lock",
			);
			name = "[CP] Check Pods Manifest.lock";
			outputFileListPaths = (
			);
			outputPaths = (
				"$(DERIVED_FILE_DIR)/Pods-CarsUITests-checkManifestLockResult.txt",
			);
			runOnlyForDeploymentPostprocessing = 0;
			shellPath = /bin/sh;
			shellScript = "diff \"${PODS_PODFILE_DIR_PATH}/Podfile.lock\" \"${PODS_ROOT}/Manifest.lock\" > /dev/null\nif [ $? != 0 ] ; then\n    # print error to STDERR\n    echo \"error: The sandbox is not in sync with the Podfile.lock. Run 'pod install' or update your CocoaPods installation.\" >&2\n    exit 1\nfi\n# This output is used by Xcode 'outputs' to avoid re-running this script phase.\necho \"SUCCESS\" > \"${SCRIPT_OUTPUT_FILE_0}\"\n";
			showEnvVarsInLog = 0;
		};
		B719DDBCB1C40BDCF7CB100D /* [CP] Embed Pods Frameworks */ = {
			isa = PBXShellScriptBuildPhase;
			buildActionMask = 2147483647;
			files = (
			);
			inputFileListPaths = (
				"${PODS_ROOT}/Target Support Files/Pods-CarsTests/Pods-CarsTests-frameworks-${CONFIGURATION}-input-files.xcfilelist",
			);
			name = "[CP] Embed Pods Frameworks";
			outputFileListPaths = (
				"${PODS_ROOT}/Target Support Files/Pods-CarsTests/Pods-CarsTests-frameworks-${CONFIGURATION}-output-files.xcfilelist",
			);
			runOnlyForDeploymentPostprocessing = 0;
			shellPath = /bin/sh;
			shellScript = "\"${PODS_ROOT}/Target Support Files/Pods-CarsTests/Pods-CarsTests-frameworks.sh\"\n";
			showEnvVarsInLog = 0;
		};
/* End PBXShellScriptBuildPhase section */

/* Begin PBXSourcesBuildPhase section */
		EB178A0F27F5A27B005C5536 /* Sources */ = {
			isa = PBXSourcesBuildPhase;
			buildActionMask = 2147483647;
			files = (
				EB039AC927F618DF0039EF76 /* RequestMethod.swift in Sources */,
				EB7D2F8B27F8D38E00908500 /* FeedViewModel.swift in Sources */,
				EB80F9FA27F7D8B2003177E2 /* FeedDateFormatter.swift in Sources */,
				EB039AD227F627C60039EF76 /* ArticlesEndpoint.swift in Sources */,
				EB039ADA27F6E3480039EF76 /* FeedViewController.swift in Sources */,
				EB039ACB27F618F50039EF76 /* RequestError.swift in Sources */,
				EB039ACE27F619B70039EF76 /* Article.swift in Sources */,
				EB80F9F827F7C7A5003177E2 /* Post.swift in Sources */,
				EB039AD727F637920039EF76 /* Response.swift in Sources */,
				EB7D2F9327F9080000908500 /* Assembly.swift in Sources */,
				EB039AD027F61F1A0039EF76 /* HTTPClient.swift in Sources */,
				EB039AC727F618B60039EF76 /* Endpoint.swift in Sources */,
				EBCA937027F765970013260B /* Label+LineHeight.swift in Sources */,
				EBCA936927F751430013260B /* PostCell.swift in Sources */,
				EBCA937227F78CEC0013260B /* LinearGradientView.swift in Sources */,
				EB7D2F8927F8C9DE00908500 /* NavigationBar+Appearance.swift in Sources */,
				EB7D2F9127F9078700908500 /* FeedAssembly.swift in Sources */,
				EB039AD427F6297A0039EF76 /* ArticlesService.swift in Sources */,
				EB178A1727F5A27B005C5536 /* AppDelegate.swift in Sources */,
			);
			runOnlyForDeploymentPostprocessing = 0;
		};
		EB178A2527F5A27E005C5536 /* Sources */ = {
			isa = PBXSourcesBuildPhase;
			buildActionMask = 2147483647;
			files = (
				EB178A2E27F5A27E005C5536 /* CarsTests.swift in Sources */,
			);
			runOnlyForDeploymentPostprocessing = 0;
		};
		EB178A2F27F5A27E005C5536 /* Sources */ = {
			isa = PBXSourcesBuildPhase;
			buildActionMask = 2147483647;
			files = (
				EB178A3827F5A27E005C5536 /* CarsUITests.swift in Sources */,
				EB178A3A27F5A27E005C5536 /* CarsUITestsLaunchTests.swift in Sources */,
			);
			runOnlyForDeploymentPostprocessing = 0;
		};
/* End PBXSourcesBuildPhase section */

/* Begin PBXTargetDependency section */
		EB178A2B27F5A27E005C5536 /* PBXTargetDependency */ = {
			isa = PBXTargetDependency;
			target = EB178A1227F5A27B005C5536 /* Cars */;
			targetProxy = EB178A2A27F5A27E005C5536 /* PBXContainerItemProxy */;
		};
		EB178A3527F5A27E005C5536 /* PBXTargetDependency */ = {
			isa = PBXTargetDependency;
			target = EB178A1227F5A27B005C5536 /* Cars */;
			targetProxy = EB178A3427F5A27E005C5536 /* PBXContainerItemProxy */;
		};
/* End PBXTargetDependency section */

/* Begin PBXVariantGroup section */
		EB178A2127F5A27E005C5536 /* LaunchScreen.storyboard */ = {
			isa = PBXVariantGroup;
			children = (
				EB178A2227F5A27E005C5536 /* Base */,
			);
			name = LaunchScreen.storyboard;
			sourceTree = "<group>";
		};
/* End PBXVariantGroup section */

/* Begin XCBuildConfiguration section */
		EB178A3B27F5A27E005C5536 /* Debug */ = {
			isa = XCBuildConfiguration;
			buildSettings = {
				ALWAYS_SEARCH_USER_PATHS = NO;
				CLANG_ANALYZER_NONNULL = YES;
				CLANG_ANALYZER_NUMBER_OBJECT_CONVERSION = YES_AGGRESSIVE;
				CLANG_CXX_LANGUAGE_STANDARD = "gnu++17";
				CLANG_ENABLE_MODULES = YES;
				CLANG_ENABLE_OBJC_ARC = YES;
				CLANG_ENABLE_OBJC_WEAK = YES;
				CLANG_WARN_BLOCK_CAPTURE_AUTORELEASING = YES;
				CLANG_WARN_BOOL_CONVERSION = YES;
				CLANG_WARN_COMMA = YES;
				CLANG_WARN_CONSTANT_CONVERSION = YES;
				CLANG_WARN_DEPRECATED_OBJC_IMPLEMENTATIONS = YES;
				CLANG_WARN_DIRECT_OBJC_ISA_USAGE = YES_ERROR;
				CLANG_WARN_DOCUMENTATION_COMMENTS = YES;
				CLANG_WARN_EMPTY_BODY = YES;
				CLANG_WARN_ENUM_CONVERSION = YES;
				CLANG_WARN_INFINITE_RECURSION = YES;
				CLANG_WARN_INT_CONVERSION = YES;
				CLANG_WARN_NON_LITERAL_NULL_CONVERSION = YES;
				CLANG_WARN_OBJC_IMPLICIT_RETAIN_SELF = YES;
				CLANG_WARN_OBJC_LITERAL_CONVERSION = YES;
				CLANG_WARN_OBJC_ROOT_CLASS = YES_ERROR;
				CLANG_WARN_QUOTED_INCLUDE_IN_FRAMEWORK_HEADER = YES;
				CLANG_WARN_RANGE_LOOP_ANALYSIS = YES;
				CLANG_WARN_STRICT_PROTOTYPES = YES;
				CLANG_WARN_SUSPICIOUS_MOVE = YES;
				CLANG_WARN_UNGUARDED_AVAILABILITY = YES_AGGRESSIVE;
				CLANG_WARN_UNREACHABLE_CODE = YES;
				CLANG_WARN__DUPLICATE_METHOD_MATCH = YES;
				COPY_PHASE_STRIP = NO;
				DEBUG_INFORMATION_FORMAT = dwarf;
				ENABLE_STRICT_OBJC_MSGSEND = YES;
				ENABLE_TESTABILITY = YES;
				GCC_C_LANGUAGE_STANDARD = gnu11;
				GCC_DYNAMIC_NO_PIC = NO;
				GCC_NO_COMMON_BLOCKS = YES;
				GCC_OPTIMIZATION_LEVEL = 0;
				GCC_PREPROCESSOR_DEFINITIONS = (
					"DEBUG=1",
					"$(inherited)",
				);
				GCC_WARN_64_TO_32_BIT_CONVERSION = YES;
				GCC_WARN_ABOUT_RETURN_TYPE = YES_ERROR;
				GCC_WARN_UNDECLARED_SELECTOR = YES;
				GCC_WARN_UNINITIALIZED_AUTOS = YES_AGGRESSIVE;
				GCC_WARN_UNUSED_FUNCTION = YES;
				GCC_WARN_UNUSED_VARIABLE = YES;
				IPHONEOS_DEPLOYMENT_TARGET = 15.4;
				MTL_ENABLE_DEBUG_INFO = INCLUDE_SOURCE;
				MTL_FAST_MATH = YES;
				ONLY_ACTIVE_ARCH = YES;
				SDKROOT = iphoneos;
				SWIFT_ACTIVE_COMPILATION_CONDITIONS = DEBUG;
				SWIFT_OPTIMIZATION_LEVEL = "-Onone";
			};
			name = Debug;
		};
		EB178A3C27F5A27E005C5536 /* Release */ = {
			isa = XCBuildConfiguration;
			buildSettings = {
				ALWAYS_SEARCH_USER_PATHS = NO;
				CLANG_ANALYZER_NONNULL = YES;
				CLANG_ANALYZER_NUMBER_OBJECT_CONVERSION = YES_AGGRESSIVE;
				CLANG_CXX_LANGUAGE_STANDARD = "gnu++17";
				CLANG_ENABLE_MODULES = YES;
				CLANG_ENABLE_OBJC_ARC = YES;
				CLANG_ENABLE_OBJC_WEAK = YES;
				CLANG_WARN_BLOCK_CAPTURE_AUTORELEASING = YES;
				CLANG_WARN_BOOL_CONVERSION = YES;
				CLANG_WARN_COMMA = YES;
				CLANG_WARN_CONSTANT_CONVERSION = YES;
				CLANG_WARN_DEPRECATED_OBJC_IMPLEMENTATIONS = YES;
				CLANG_WARN_DIRECT_OBJC_ISA_USAGE = YES_ERROR;
				CLANG_WARN_DOCUMENTATION_COMMENTS = YES;
				CLANG_WARN_EMPTY_BODY = YES;
				CLANG_WARN_ENUM_CONVERSION = YES;
				CLANG_WARN_INFINITE_RECURSION = YES;
				CLANG_WARN_INT_CONVERSION = YES;
				CLANG_WARN_NON_LITERAL_NULL_CONVERSION = YES;
				CLANG_WARN_OBJC_IMPLICIT_RETAIN_SELF = YES;
				CLANG_WARN_OBJC_LITERAL_CONVERSION = YES;
				CLANG_WARN_OBJC_ROOT_CLASS = YES_ERROR;
				CLANG_WARN_QUOTED_INCLUDE_IN_FRAMEWORK_HEADER = YES;
				CLANG_WARN_RANGE_LOOP_ANALYSIS = YES;
				CLANG_WARN_STRICT_PROTOTYPES = YES;
				CLANG_WARN_SUSPICIOUS_MOVE = YES;
				CLANG_WARN_UNGUARDED_AVAILABILITY = YES_AGGRESSIVE;
				CLANG_WARN_UNREACHABLE_CODE = YES;
				CLANG_WARN__DUPLICATE_METHOD_MATCH = YES;
				COPY_PHASE_STRIP = NO;
				DEBUG_INFORMATION_FORMAT = "dwarf-with-dsym";
				ENABLE_NS_ASSERTIONS = NO;
				ENABLE_STRICT_OBJC_MSGSEND = YES;
				GCC_C_LANGUAGE_STANDARD = gnu11;
				GCC_NO_COMMON_BLOCKS = YES;
				GCC_WARN_64_TO_32_BIT_CONVERSION = YES;
				GCC_WARN_ABOUT_RETURN_TYPE = YES_ERROR;
				GCC_WARN_UNDECLARED_SELECTOR = YES;
				GCC_WARN_UNINITIALIZED_AUTOS = YES_AGGRESSIVE;
				GCC_WARN_UNUSED_FUNCTION = YES;
				GCC_WARN_UNUSED_VARIABLE = YES;
				IPHONEOS_DEPLOYMENT_TARGET = 15.4;
				MTL_ENABLE_DEBUG_INFO = NO;
				MTL_FAST_MATH = YES;
				SDKROOT = iphoneos;
				SWIFT_COMPILATION_MODE = wholemodule;
				SWIFT_OPTIMIZATION_LEVEL = "-O";
				VALIDATE_PRODUCT = YES;
			};
			name = Release;
		};
		EB178A3E27F5A27E005C5536 /* Debug */ = {
			isa = XCBuildConfiguration;
			baseConfigurationReference = B17A018BA7B0D4C75EDC6868 /* Pods-Cars.debug.xcconfig */;
			buildSettings = {
				ASSETCATALOG_COMPILER_APPICON_NAME = AppIcon;
				ASSETCATALOG_COMPILER_GLOBAL_ACCENT_COLOR_NAME = AccentColor;
				CODE_SIGN_STYLE = Automatic;
				CURRENT_PROJECT_VERSION = 1;
				DEVELOPMENT_TEAM = B2FMGUSH44;
				GENERATE_INFOPLIST_FILE = YES;
				INFOPLIST_FILE = Cars/Info.plist;
				INFOPLIST_KEY_UIApplicationSupportsIndirectInputEvents = YES;
				INFOPLIST_KEY_UILaunchStoryboardName = LaunchScreen;
				INFOPLIST_KEY_UISupportedInterfaceOrientations = UIInterfaceOrientationPortrait;
				INFOPLIST_KEY_UISupportedInterfaceOrientations_iPad = "UIInterfaceOrientationPortrait UIInterfaceOrientationPortraitUpsideDown UIInterfaceOrientationLandscapeLeft UIInterfaceOrientationLandscapeRight";
				INFOPLIST_KEY_UISupportedInterfaceOrientations_iPhone = "UIInterfaceOrientationPortrait UIInterfaceOrientationLandscapeLeft UIInterfaceOrientationLandscapeRight";
				IPHONEOS_DEPLOYMENT_TARGET = 11.0;
				LD_RUNPATH_SEARCH_PATHS = (
					"$(inherited)",
					"@executable_path/Frameworks",
				);
				MARKETING_VERSION = 1.0;
				PRODUCT_BUNDLE_IDENTIFIER = com.sevenpeakssoftware.olejiksa.Cars;
				PRODUCT_NAME = "$(TARGET_NAME)";
				SWIFT_EMIT_LOC_STRINGS = YES;
				SWIFT_VERSION = 5.0;
				TARGETED_DEVICE_FAMILY = 1;
			};
			name = Debug;
		};
		EB178A3F27F5A27E005C5536 /* Release */ = {
			isa = XCBuildConfiguration;
			baseConfigurationReference = 8DD7B3C9E176F83055A1EBD9 /* Pods-Cars.release.xcconfig */;
			buildSettings = {
				ASSETCATALOG_COMPILER_APPICON_NAME = AppIcon;
				ASSETCATALOG_COMPILER_GLOBAL_ACCENT_COLOR_NAME = AccentColor;
				CODE_SIGN_STYLE = Automatic;
				CURRENT_PROJECT_VERSION = 1;
				DEVELOPMENT_TEAM = B2FMGUSH44;
				GENERATE_INFOPLIST_FILE = YES;
				INFOPLIST_FILE = Cars/Info.plist;
				INFOPLIST_KEY_UIApplicationSupportsIndirectInputEvents = YES;
				INFOPLIST_KEY_UILaunchStoryboardName = LaunchScreen;
				INFOPLIST_KEY_UISupportedInterfaceOrientations = UIInterfaceOrientationPortrait;
				INFOPLIST_KEY_UISupportedInterfaceOrientations_iPad = "UIInterfaceOrientationPortrait UIInterfaceOrientationPortraitUpsideDown UIInterfaceOrientationLandscapeLeft UIInterfaceOrientationLandscapeRight";
				INFOPLIST_KEY_UISupportedInterfaceOrientations_iPhone = "UIInterfaceOrientationPortrait UIInterfaceOrientationLandscapeLeft UIInterfaceOrientationLandscapeRight";
				IPHONEOS_DEPLOYMENT_TARGET = 11.0;
				LD_RUNPATH_SEARCH_PATHS = (
					"$(inherited)",
					"@executable_path/Frameworks",
				);
				MARKETING_VERSION = 1.0;
				PRODUCT_BUNDLE_IDENTIFIER = com.sevenpeakssoftware.olejiksa.Cars;
				PRODUCT_NAME = "$(TARGET_NAME)";
				SWIFT_EMIT_LOC_STRINGS = YES;
				SWIFT_VERSION = 5.0;
				TARGETED_DEVICE_FAMILY = 1;
			};
			name = Release;
		};
		EB178A4127F5A27E005C5536 /* Debug */ = {
			isa = XCBuildConfiguration;
			baseConfigurationReference = 2849D0970B4A7CA8A18C182A /* Pods-CarsTests.debug.xcconfig */;
			buildSettings = {
				ALWAYS_EMBED_SWIFT_STANDARD_LIBRARIES = "$(inherited)";
				BUNDLE_LOADER = "$(TEST_HOST)";
				CODE_SIGN_STYLE = Automatic;
				CURRENT_PROJECT_VERSION = 1;
				DEVELOPMENT_TEAM = B2FMGUSH44;
				GENERATE_INFOPLIST_FILE = YES;
				IPHONEOS_DEPLOYMENT_TARGET = 15.4;
				MARKETING_VERSION = 1.0;
				PRODUCT_BUNDLE_IDENTIFIER = com.sevenpeakssoftware.olejiksa.CarsTests;
				PRODUCT_NAME = "$(TARGET_NAME)";
				SWIFT_EMIT_LOC_STRINGS = NO;
				SWIFT_VERSION = 5.0;
				TARGETED_DEVICE_FAMILY = "1,2";
				TEST_HOST = "$(BUILT_PRODUCTS_DIR)/Cars.app/Cars";
			};
			name = Debug;
		};
		EB178A4227F5A27E005C5536 /* Release */ = {
			isa = XCBuildConfiguration;
			baseConfigurationReference = 456AE529A9C0F793CE546EB0 /* Pods-CarsTests.release.xcconfig */;
			buildSettings = {
				ALWAYS_EMBED_SWIFT_STANDARD_LIBRARIES = "$(inherited)";
				BUNDLE_LOADER = "$(TEST_HOST)";
				CODE_SIGN_STYLE = Automatic;
				CURRENT_PROJECT_VERSION = 1;
				DEVELOPMENT_TEAM = B2FMGUSH44;
				GENERATE_INFOPLIST_FILE = YES;
				IPHONEOS_DEPLOYMENT_TARGET = 15.4;
				MARKETING_VERSION = 1.0;
				PRODUCT_BUNDLE_IDENTIFIER = com.sevenpeakssoftware.olejiksa.CarsTests;
				PRODUCT_NAME = "$(TARGET_NAME)";
				SWIFT_EMIT_LOC_STRINGS = NO;
				SWIFT_VERSION = 5.0;
				TARGETED_DEVICE_FAMILY = "1,2";
				TEST_HOST = "$(BUILT_PRODUCTS_DIR)/Cars.app/Cars";
			};
			name = Release;
		};
		EB178A4427F5A27E005C5536 /* Debug */ = {
			isa = XCBuildConfiguration;
			baseConfigurationReference = 42398B3A7A2C4E4C6337C29A /* Pods-CarsUITests.debug.xcconfig */;
			buildSettings = {
				ALWAYS_EMBED_SWIFT_STANDARD_LIBRARIES = "$(inherited)";
				CODE_SIGN_STYLE = Automatic;
				CURRENT_PROJECT_VERSION = 1;
				DEVELOPMENT_TEAM = B2FMGUSH44;
				GENERATE_INFOPLIST_FILE = YES;
				MARKETING_VERSION = 1.0;
				PRODUCT_BUNDLE_IDENTIFIER = com.sevenpeakssoftware.olejiksa.CarsUITests;
				PRODUCT_NAME = "$(TARGET_NAME)";
				SWIFT_EMIT_LOC_STRINGS = NO;
				SWIFT_VERSION = 5.0;
				TARGETED_DEVICE_FAMILY = "1,2";
				TEST_TARGET_NAME = Cars;
			};
			name = Debug;
		};
		EB178A4527F5A27E005C5536 /* Release */ = {
			isa = XCBuildConfiguration;
			baseConfigurationReference = 52A58F5E5D82CA8315300FE7 /* Pods-CarsUITests.release.xcconfig */;
			buildSettings = {
				ALWAYS_EMBED_SWIFT_STANDARD_LIBRARIES = "$(inherited)";
				CODE_SIGN_STYLE = Automatic;
				CURRENT_PROJECT_VERSION = 1;
				DEVELOPMENT_TEAM = B2FMGUSH44;
				GENERATE_INFOPLIST_FILE = YES;
				MARKETING_VERSION = 1.0;
				PRODUCT_BUNDLE_IDENTIFIER = com.sevenpeakssoftware.olejiksa.CarsUITests;
				PRODUCT_NAME = "$(TARGET_NAME)";
				SWIFT_EMIT_LOC_STRINGS = NO;
				SWIFT_VERSION = 5.0;
				TARGETED_DEVICE_FAMILY = "1,2";
				TEST_TARGET_NAME = Cars;
			};
			name = Release;
		};
/* End XCBuildConfiguration section */

/* Begin XCConfigurationList section */
		EB178A0E27F5A27B005C5536 /* Build configuration list for PBXProject "Cars" */ = {
			isa = XCConfigurationList;
			buildConfigurations = (
				EB178A3B27F5A27E005C5536 /* Debug */,
				EB178A3C27F5A27E005C5536 /* Release */,
			);
			defaultConfigurationIsVisible = 0;
			defaultConfigurationName = Release;
		};
		EB178A3D27F5A27E005C5536 /* Build configuration list for PBXNativeTarget "Cars" */ = {
			isa = XCConfigurationList;
			buildConfigurations = (
				EB178A3E27F5A27E005C5536 /* Debug */,
				EB178A3F27F5A27E005C5536 /* Release */,
			);
			defaultConfigurationIsVisible = 0;
			defaultConfigurationName = Release;
		};
		EB178A4027F5A27E005C5536 /* Build configuration list for PBXNativeTarget "CarsTests" */ = {
			isa = XCConfigurationList;
			buildConfigurations = (
				EB178A4127F5A27E005C5536 /* Debug */,
				EB178A4227F5A27E005C5536 /* Release */,
			);
			defaultConfigurationIsVisible = 0;
			defaultConfigurationName = Release;
		};
		EB178A4327F5A27E005C5536 /* Build configuration list for PBXNativeTarget "CarsUITests" */ = {
			isa = XCConfigurationList;
			buildConfigurations = (
				EB178A4427F5A27E005C5536 /* Debug */,
				EB178A4527F5A27E005C5536 /* Release */,
			);
			defaultConfigurationIsVisible = 0;
			defaultConfigurationName = Release;
		};
/* End XCConfigurationList section */
	};
	rootObject = EB178A0B27F5A27B005C5536 /* Project object */;
}
